
Microsoft Visual Studio Solution File, Format Version 12.00
# Visual Studio Version 16
VisualStudioVersion = 16.0.31829.152
MinimumVisualStudioVersion = 10.0.40219.1
Project("{FAE04EC0-301F-11D3-BF4B-00C04F79EFBC}") = "vs2019-webapp-collaboration", "vs2019-webapp-collaboration\vs2019-webapp-collaboration.csproj", "{C8EC94DB-B244-4C72-98E2-15DC0662BB6C}"
EndProject
Global
	GlobalSection(SolutionConfigurationPlatforms) = preSolution
		Debug|Any CPU = Debug|Any CPU
		Release|Any CPU = Release|Any CPU
	EndGlobalSection
	GlobalSection(ProjectConfigurationPlatforms) = postSolution
		{C8EC94DB-B244-4C72-98E2-15DC0662BB6C}.Debug|Any CPU.ActiveCfg = Debug|Any CPU
		{C8EC94DB-B244-4C72-98E2-15DC0662BB6C}.Debug|Any CPU.Build.0 = Debug|Any CPU
		{C8EC94DB-B244-4C72-98E2-15DC0662BB6C}.Release|Any CPU.ActiveCfg = Release|Any CPU
		{C8EC94DB-B244-4C72-98E2-15DC0662BB6C}.Release|Any CPU.Build.0 = Release|Any CPU
	EndGlobalSection
	GlobalSection(SolutionProperties) = preSolution
		HideSolutionNode = FALSE
	EndGlobalSection
	GlobalSection(ExtensibilityGlobals) = postSolution
		SolutionGuid = {9E4AB19A-384C-4AC8-9A70-8168E564C3E8}
	EndGlobalSection
EndGlobal
